
Microsoft Visual Studio Solution File, Format Version 12.00
# Visual Studio 15
Project("{FAE04EC0-301F-11D3-BF4B-00C04F79EFBC}") = "Assembly-CSharp", "Assembly-CSharp.csproj", "{4D5DB0D1-C5A2-2BC7-4DF7-9D9D5FA00C37}"
EndProject
Project("{FAE04EC0-301F-11D3-BF4B-00C04F79EFBC}") = "Assembly-CSharp-firstpass", "Assembly-CSharp-firstpass.csproj", "{861B80EC-4469-1106-B69A-A2C21DF61E5A}"
EndProject
Project("{FAE04EC0-301F-11D3-BF4B-00C04F79EFBC}") = "Assembly-CSharp-Editor", "Assembly-CSharp-Editor.csproj", "{A5DBD9EF-3832-3C0D-5467-0D00B4AA845A}"
EndProject
Global
	GlobalSection(SolutionConfigurationPlatforms) = preSolution
		Debug|Any CPU = Debug|Any CPU
		Release|Any CPU = Release|Any CPU
	EndGlobalSection
	GlobalSection(ProjectConfigurationPlatforms) = postSolution
		{4D5DB0D1-C5A2-2BC7-4DF7-9D9D5FA00C37}.Debug|Any CPU.ActiveCfg = Debug|Any CPU
		{4D5DB0D1-C5A2-2BC7-4DF7-9D9D5FA00C37}.Debug|Any CPU.Build.0 = Debug|Any CPU
		{4D5DB0D1-C5A2-2BC7-4DF7-9D9D5FA00C37}.Release|Any CPU.ActiveCfg = Release|Any CPU
		{4D5DB0D1-C5A2-2BC7-4DF7-9D9D5FA00C37}.Release|Any CPU.Build.0 = Release|Any CPU
		{861B80EC-4469-1106-B69A-A2C21DF61E5A}.Debug|Any CPU.ActiveCfg = Debug|Any CPU
		{861B80EC-4469-1106-B69A-A2C21DF61E5A}.Debug|Any CPU.Build.0 = Debug|Any CPU
		{861B80EC-4469-1106-B69A-A2C21DF61E5A}.Release|Any CPU.ActiveCfg = Release|Any CPU
		{861B80EC-4469-1106-B69A-A2C21DF61E5A}.Release|Any CPU.Build.0 = Release|Any CPU
		{A5DBD9EF-3832-3C0D-5467-0D00B4AA845A}.Debug|Any CPU.ActiveCfg = Debug|Any CPU
		{A5DBD9EF-3832-3C0D-5467-0D00B4AA845A}.Debug|Any CPU.Build.0 = Debug|Any CPU
		{A5DBD9EF-3832-3C0D-5467-0D00B4AA845A}.Release|Any CPU.ActiveCfg = Release|Any CPU
		{A5DBD9EF-3832-3C0D-5467-0D00B4AA845A}.Release|Any CPU.Build.0 = Release|Any CPU
	EndGlobalSection
	GlobalSection(SolutionProperties) = preSolution
		HideSolutionNode = FALSE
	EndGlobalSection
EndGlobal
